
Microsoft Visual Studio Solution File, Format Version 12.00
# Visual Studio 15
Project("{FAE04EC0-301F-11D3-BF4B-00C04F79EFBC}") = "CsharpBasics", "CsharpBasics\CsharpBasics.csproj", "{3CEF4AAD-1E8E-4C95-B5AD-DE6A7D33CAAA}"
EndProject
Global
	GlobalSection(SolutionConfigurationPlatforms) = preSolution
		Debug|Any CPU = Debug|Any CPU
		Release|Any CPU = Release|Any CPU
	EndGlobalSection
	GlobalSection(ProjectConfigurationPlatforms) = postSolution
		{3CEF4AAD-1E8E-4C95-B5AD-DE6A7D33CAAA}.Debug|Any CPU.ActiveCfg = Debug|Any CPU
		{3CEF4AAD-1E8E-4C95-B5AD-DE6A7D33CAAA}.Debug|Any CPU.Build.0 = Debug|Any CPU
		{3CEF4AAD-1E8E-4C95-B5AD-DE6A7D33CAAA}.Release|Any CPU.ActiveCfg = Release|Any CPU
		{3CEF4AAD-1E8E-4C95-B5AD-DE6A7D33CAAA}.Release|Any CPU.Build.0 = Release|Any CPU
	EndGlobalSection
EndGlobal
